<Solution>
  <Project Path="../CitasApp.Api/CitasApp.Api.csproj" Id="671fed35-141a-484e-a157-5931750eba6e" />
  <Project Path="../CitasApp.Aplication/CitasApp.Aplication.csproj" Id="f9f31590-0e01-461e-a097-4d4d94ad16bf" />
  <Project Path="../CitasApp.Domain/CitasApp.Domain.csproj" Id="a4f04e1d-6585-44a3-87e1-b32a88fb2241" />
  <Project Path="../CitasApp.Infrestructure/CitasApp.Infrestructure.csproj" Id="8502c6a1-27e7-41cd-bda2-d97ee9df665d" />
  <Project Path="CitasApp.Web.csproj" />
</Solution>
